
Microsoft Visual Studio Solution File, Format Version 12.00
# Visual Studio Version 17
VisualStudioVersion = 17.0.31903.59
MinimumVisualStudioVersion = 10.0.40219.1
Project("{FAE04EC0-301F-11D3-BF4B-00C04F79EFBC}") = "Warehouse.Core", "Warehouse.Core\Warehouse.Core.csproj", "{A09687EF-CE3A-46BE-974E-5C4D8BAD8655}"
EndProject
Project("{FAE04EC0-301F-11D3-BF4B-00C04F79EFBC}") = "Warehouse.Infra", "Warehouse.Infra\Warehouse.Infra.csproj", "{2301C6B0-F9B4-4899-B209-49F52FF919C0}"
EndProject
Project("{FAE04EC0-301F-11D3-BF4B-00C04F79EFBC}") = "Warehouse.API", "Warehouse.API\Warehouse.API.csproj", "{0B67E77D-18DB-4FA1-B4CB-27E8B0D01227}"
EndProject
Global
	GlobalSection(SolutionConfigurationPlatforms) = preSolution
		Debug|Any CPU = Debug|Any CPU
		Release|Any CPU = Release|Any CPU
	EndGlobalSection
	GlobalSection(SolutionProperties) = preSolution
		HideSolutionNode = FALSE
	EndGlobalSection
	GlobalSection(ProjectConfigurationPlatforms) = postSolution
		{A09687EF-CE3A-46BE-974E-5C4D8BAD8655}.Debug|Any CPU.ActiveCfg = Debug|Any CPU
		{A09687EF-CE3A-46BE-974E-5C4D8BAD8655}.Debug|Any CPU.Build.0 = Debug|Any CPU
		{A09687EF-CE3A-46BE-974E-5C4D8BAD8655}.Release|Any CPU.ActiveCfg = Release|Any CPU
		{A09687EF-CE3A-46BE-974E-5C4D8BAD8655}.Release|Any CPU.Build.0 = Release|Any CPU
		{2301C6B0-F9B4-4899-B209-49F52FF919C0}.Debug|Any CPU.ActiveCfg = Debug|Any CPU
		{2301C6B0-F9B4-4899-B209-49F52FF919C0}.Debug|Any CPU.Build.0 = Debug|Any CPU
		{2301C6B0-F9B4-4899-B209-49F52FF919C0}.Release|Any CPU.ActiveCfg = Release|Any CPU
		{2301C6B0-F9B4-4899-B209-49F52FF919C0}.Release|Any CPU.Build.0 = Release|Any CPU
		{0B67E77D-18DB-4FA1-B4CB-27E8B0D01227}.Debug|Any CPU.ActiveCfg = Debug|Any CPU
		{0B67E77D-18DB-4FA1-B4CB-27E8B0D01227}.Debug|Any CPU.Build.0 = Debug|Any CPU
		{0B67E77D-18DB-4FA1-B4CB-27E8B0D01227}.Release|Any CPU.ActiveCfg = Release|Any CPU
		{0B67E77D-18DB-4FA1-B4CB-27E8B0D01227}.Release|Any CPU.Build.0 = Release|Any CPU
	EndGlobalSection
EndGlobal
